
Microsoft Visual Studio Solution File, Format Version 12.00
# Visual Studio Version 17
VisualStudioVersion = 17.9.34728.123
MinimumVisualStudioVersion = 10.0.40219.1
Project("{FAE04EC0-301F-11D3-BF4B-00C04F79EFBC}") = "GrpcGreeter", "GrpcGreeter\GrpcGreeter.csproj", "{3C48917B-A704-47DF-A0A6-62C356245802}"
EndProject
Global
	GlobalSection(SolutionConfigurationPlatforms) = preSolution
		Debug|Any CPU = Debug|Any CPU
		Release|Any CPU = Release|Any CPU
	EndGlobalSection
	GlobalSection(ProjectConfigurationPlatforms) = postSolution
		{3C48917B-A704-47DF-A0A6-62C356245802}.Debug|Any CPU.ActiveCfg = Debug|Any CPU
		{3C48917B-A704-47DF-A0A6-62C356245802}.Debug|Any CPU.Build.0 = Debug|Any CPU
		{3C48917B-A704-47DF-A0A6-62C356245802}.Release|Any CPU.ActiveCfg = Release|Any CPU
		{3C48917B-A704-47DF-A0A6-62C356245802}.Release|Any CPU.Build.0 = Release|Any CPU
	EndGlobalSection
	GlobalSection(SolutionProperties) = preSolution
		HideSolutionNode = FALSE
	EndGlobalSection
	GlobalSection(ExtensibilityGlobals) = postSolution
		SolutionGuid = {DA70619A-1A9A-42A5-B904-575F75D152A5}
	EndGlobalSection
EndGlobal
